lockfileVersion: '6.0'

settings:
  autoInstallPeers: true
  excludeLinksFromLockfile: false

dependencies:
  shikiji:
    specifier: ^0.9.11
    version: 0.9.11
  shikiji-core:
    specifier: ^0.9.11
    version: 0.9.11

devDependencies:
  prettier:
    specifier: ^3.1.1
    version: 3.1.1

packages:

  /prettier@3.1.1:
    resolution: {integrity: sha512-22UbSzg8luF4UuZtzgiUOfcGM8s4tjBv6dJRT7j275NXsy2jb4aJa4NNveul5x4eqlF1wuhuR2RElK71RvmVaw==}
    engines: {node: '>=14'}
    hasBin: true
    dev: true

  /shikiji-core@0.9.11:
    resolution: {integrity: sha512-KbZdB+0oyoyNiQT0ueXCigp/0ilu1sMvb2aD3gDIDkaQwfayet0f1/9kkh0Wvtk42KMASDR36qA8ctnTQvpocA==}
    dev: false

  /shikiji@0.9.11:
    resolution: {integrity: sha512-3lZxXOPdhUr42fDTWmWiSrWTbbrRR3YY70F24G+hwh3VmN33ocKdH8RpytyhBhYvSRpiPhHDwGl2C5ozlO6Xow==}
    dependencies:
      shikiji-core: 0.9.11
    dev: false
