lockfileVersion: '9.0'

settings:
  autoInstallPeers: true
  excludeLinksFromLockfile: false

importers:

  .:
    dependencies:
      '@shikijs/core':
        specifier: ^1.6.5
        version: 1.22.0
      chokidar:
        specifier: ^4.0.1
        version: 4.0.1
      jsonc-parser:
        specifier: ^3.2.1
        version: 3.3.1
      oniguruma-to-js:
        specifier: ^0.4.3
        version: 0.4.3
      regex:
        specifier: ^4.3.3
        version: 4.3.3
      shiki:
        specifier: ^1.6.5
        version: 1.22.0
      ws:
        specifier: ^8.16.0
        version: 8.18.0
    devDependencies:
      '@types/node':
        specifier: ^22.7.7
        version: 22.7.7
      '@types/ws':
        specifier: ^8.5.10
        version: 8.5.12
      typescript:
        specifier: ^5.3.3
        version: 5.6.3

packages:

  '@shikijs/core@1.22.0':
    resolution: {integrity: sha512-S8sMe4q71TJAW+qG93s5VaiihujRK6rqDFqBnxqvga/3LvqHEnxqBIOPkt//IdXVtHkQWKu4nOQNk0uBGicU7Q==}

  '@shikijs/engine-javascript@1.22.0':
    resolution: {integrity: sha512-AeEtF4Gcck2dwBqCFUKYfsCq0s+eEbCEbkUuFou53NZ0sTGnJnJ/05KHQFZxpii5HMXbocV9URYVowOP2wH5kw==}

  '@shikijs/engine-oniguruma@1.22.0':
    resolution: {integrity: sha512-5iBVjhu/DYs1HB0BKsRRFipRrD7rqjxlWTj4F2Pf+nQSPqc3kcyqFFeZXnBMzDf0HdqaFVvhDRAGiYNvyLP+Mw==}

  '@shikijs/types@1.22.0':
    resolution: {integrity: sha512-Fw/Nr7FGFhlQqHfxzZY8Cwtwk5E9nKDUgeLjZgt3UuhcM3yJR9xj3ZGNravZZok8XmEZMiYkSMTPlPkULB8nww==}

  '@shikijs/vscode-textmate@9.3.0':
    resolution: {integrity: sha512-jn7/7ky30idSkd/O5yDBfAnVt+JJpepofP/POZ1iMOxK59cOfqIgg/Dj0eFsjOTMw+4ycJN0uhZH/Eb0bs/EUA==}

  '@types/hast@3.0.4':
    resolution: {integrity: sha512-WPs+bbQw5aCj+x6laNGWLH3wviHtoCv/P3+otBhbOhJgG8qtpdAMlTCxLtsTWA7LH1Oh/bFCHsBn0TPS5m30EQ==}

  '@types/mdast@4.0.4':
    resolution: {integrity: sha512-kGaNbPh1k7AFzgpud/gMdvIm5xuECykRR+JnWKQno9TAXVa6WIVCGTPvYGekIDL4uwCZQSYbUxNBSb1aUo79oA==}

  '@types/node@22.7.7':
    resolution: {integrity: sha512-SRxCrrg9CL/y54aiMCG3edPKdprgMVGDXjA3gB8UmmBW5TcXzRUYAh8EWzTnSJFAd1rgImPELza+A3bJ+qxz8Q==}

  '@types/unist@3.0.3':
    resolution: {integrity: sha512-ko/gIFJRv177XgZsZcBwnqJN5x/Gien8qNOn0D5bQU/zAzVf9Zt3BlcUiLqhV9y4ARk0GbT3tnUiPNgnTXzc/Q==}

  '@types/ws@8.5.12':
    resolution: {integrity: sha512-3tPRkv1EtkDpzlgyKyI8pGsGZAGPEaXeu0DOj5DI25Ja91bdAYddYHbADRYVrZMRbfW+1l5YwXVDKohDJNQxkQ==}

  '@ungap/structured-clone@1.2.0':
    resolution: {integrity: sha512-zuVdFrMJiuCDQUMCzQaD6KL28MjnqqN8XnAqiEq9PNm/hCPTSGfrXCOfwj1ow4LFb/tNymJPwsNbVePc1xFqrQ==}

  ccount@2.0.1:
    resolution: {integrity: sha512-eyrF0jiFpY+3drT6383f1qhkbGsLSifNAjA61IUjZjmLCWjItY6LB9ft9YhoDgwfmclB2zhu51Lc7+95b8NRAg==}

  character-entities-html4@2.1.0:
    resolution: {integrity: sha512-1v7fgQRj6hnSwFpq1Eu0ynr/CDEw0rXo2B61qXrLNdHZmPKgb7fqS1a2JwF0rISo9q77jDI8VMEHoApn8qDoZA==}

  character-entities-legacy@3.0.0:
    resolution: {integrity: sha512-RpPp0asT/6ufRm//AJVwpViZbGM/MkjQFxJccQRHmISF/22NBtsHqAWmL+/pmkPWoIUJdWyeVleTl1wydHATVQ==}

  chokidar@4.0.1:
    resolution: {integrity: sha512-n8enUVCED/KVRQlab1hr3MVpcVMvxtZjmEa956u+4YijlmQED223XMSYj2tLuKvr4jcCTzNNMpQDUer72MMmzA==}
    engines: {node: '>= 14.16.0'}

  comma-separated-tokens@2.0.3:
    resolution: {integrity: sha512-Fu4hJdvzeylCfQPp9SGWidpzrMs7tTrlu6Vb8XGaRGck8QSNZJJp538Wrb60Lax4fPwR64ViY468OIUTbRlGZg==}

  dequal@2.0.3:
    resolution: {integrity: sha512-0je+qPKHEMohvfRTCEo3CrPG6cAzAYgmzKyxRiYSSDkS6eGJdyVJm7WaYA5ECaAD9wLB2T4EEeymA5aFVcYXCA==}
    engines: {node: '>=6'}

  devlop@1.1.0:
    resolution: {integrity: sha512-RWmIqhcFf1lRYBvNmr7qTNuyCt/7/ns2jbpp1+PalgE/rDQcBT0fioSMUpJ93irlUhC5hrg4cYqe6U+0ImW0rA==}

  hast-util-to-html@9.0.3:
    resolution: {integrity: sha512-M17uBDzMJ9RPCqLMO92gNNUDuBSq10a25SDBI08iCCxmorf4Yy6sYHK57n9WAbRAAaU+DuR4W6GN9K4DFZesYg==}

  hast-util-whitespace@3.0.0:
    resolution: {integrity: sha512-88JUN06ipLwsnv+dVn+OIYOvAuvBMy/Qoi6O7mQHxdPXpjy+Cd6xRkWwux7DKO+4sYILtLBRIKgsdpS2gQc7qw==}

  html-void-elements@3.0.0:
    resolution: {integrity: sha512-bEqo66MRXsUGxWHV5IP0PUiAWwoEjba4VCzg0LjFJBpchPaTfyfCKTG6bc5F8ucKec3q5y6qOdGyYTSBEvhCrg==}

  jsonc-parser@3.3.1:
    resolution: {integrity: sha512-HUgH65KyejrUFPvHFPbqOY0rsFip3Bo5wb4ngvdi1EpCYWUQDC5V+Y7mZws+DLkr4M//zQJoanu1SP+87Dv1oQ==}

  mdast-util-to-hast@13.2.0:
    resolution: {integrity: sha512-QGYKEuUsYT9ykKBCMOEDLsU5JRObWQusAolFMeko/tYPufNkRffBAQjIE+99jbA87xv6FgmjLtwjh9wBWajwAA==}

  micromark-util-character@2.1.0:
    resolution: {integrity: sha512-KvOVV+X1yLBfs9dCBSopq/+G1PcgT3lAK07mC4BzXi5E7ahzMAF8oIupDDJ6mievI6F+lAATkbQQlQixJfT3aQ==}

  micromark-util-encode@2.0.0:
    resolution: {integrity: sha512-pS+ROfCXAGLWCOc8egcBvT0kf27GoWMqtdarNfDcjb6YLuV5cM3ioG45Ys2qOVqeqSbjaKg72vU+Wby3eddPsA==}

  micromark-util-sanitize-uri@2.0.0:
    resolution: {integrity: sha512-WhYv5UEcZrbAtlsnPuChHUAsu/iBPOVaEVsntLBIdpibO0ddy8OzavZz3iL2xVvBZOpolujSliP65Kq0/7KIYw==}

  micromark-util-symbol@2.0.0:
    resolution: {integrity: sha512-8JZt9ElZ5kyTnO94muPxIGS8oyElRJaiJO8EzV6ZSyGQ1Is8xwl4Q45qU5UOg+bGH4AikWziz0iN4sFLWs8PGw==}

  micromark-util-types@2.0.0:
    resolution: {integrity: sha512-oNh6S2WMHWRZrmutsRmDDfkzKtxF+bc2VxLC9dvtrDIRFln627VsFP6fLMgTryGDljgLPjkrzQSDcPrjPyDJ5w==}

  oniguruma-to-js@0.4.3:
    resolution: {integrity: sha512-X0jWUcAlxORhOqqBREgPMgnshB7ZGYszBNspP+tS9hPD3l13CdaXcHbgImoHUHlrvGx/7AvFEkTRhAGYh+jzjQ==}

  property-information@6.5.0:
    resolution: {integrity: sha512-PgTgs/BlvHxOu8QuEN7wi5A0OmXaBcHpmCSTehcs6Uuu9IkDIEo13Hy7n898RHfrQ49vKCoGeWZSaAK01nwVig==}

  readdirp@4.0.2:
    resolution: {integrity: sha512-yDMz9g+VaZkqBYS/ozoBJwaBhTbZo3UNYQHNRw1D3UFQB8oHB4uS/tAODO+ZLjGWmUbKnIlOWO+aaIiAxrUWHA==}
    engines: {node: '>= 14.16.0'}

  regex@4.3.3:
    resolution: {integrity: sha512-r/AadFO7owAq1QJVeZ/nq9jNS1vyZt+6t1p/E59B56Rn2GCya+gr1KSyOzNL/er+r+B7phv5jG2xU2Nz1YkmJg==}

  shiki@1.22.0:
    resolution: {integrity: sha512-/t5LlhNs+UOKQCYBtl5ZsH/Vclz73GIqT2yQsCBygr8L/ppTdmpL4w3kPLoZJbMKVWtoG77Ue1feOjZfDxvMkw==}

  space-separated-tokens@2.0.2:
    resolution: {integrity: sha512-PEGlAwrG8yXGXRjW32fGbg66JAlOAwbObuqVoJpv/mRgoWDQfgH1wDPvtzWyUSNAXBGSk8h755YDbbcEy3SH2Q==}

  stringify-entities@4.0.4:
    resolution: {integrity: sha512-IwfBptatlO+QCJUo19AqvrPNqlVMpW9YEL2LIVY+Rpv2qsjCGxaDLNRgeGsQWJhfItebuJhsGSLjaBbNSQ+ieg==}

  trim-lines@3.0.1:
    resolution: {integrity: sha512-kRj8B+YHZCc9kQYdWfJB2/oUl9rA99qbowYYBtr4ui4mZyAQ2JpvVBd/6U2YloATfqBhBTSMhTpgBHtU0Mf3Rg==}

  typescript@5.6.3:
    resolution: {integrity: sha512-hjcS1mhfuyi4WW8IWtjP7brDrG2cuDZukyrYrSauoXGNgx0S7zceP07adYkJycEr56BOUTNPzbInooiN3fn1qw==}
    engines: {node: '>=14.17'}
    hasBin: true

  undici-types@6.19.8:
    resolution: {integrity: sha512-ve2KP6f/JnbPBFyobGHuerC9g1FYGn/F8n1LWTwNxCEzd6IfqTwUQcNXgEtmmQ6DlRrC1hrSrBnCZPokRrDHjw==}

  unist-util-is@6.0.0:
    resolution: {integrity: sha512-2qCTHimwdxLfz+YzdGfkqNlH0tLi9xjTnHddPmJwtIG9MGsdbutfTc4P+haPD7l7Cjxf/WZj+we5qfVPvvxfYw==}

  unist-util-position@5.0.0:
    resolution: {integrity: sha512-fucsC7HjXvkB5R3kTCO7kUjRdrS0BJt3M/FPxmHMBOm8JQi2BsHAHFsy27E0EolP8rp0NzXsJ+jNPyDWvOJZPA==}

  unist-util-stringify-position@4.0.0:
    resolution: {integrity: sha512-0ASV06AAoKCDkS2+xw5RXJywruurpbC4JZSm7nr7MOt1ojAzvyyaO+UxZf18j8FCF6kmzCZKcAgN/yu2gm2XgQ==}

  unist-util-visit-parents@6.0.1:
    resolution: {integrity: sha512-L/PqWzfTP9lzzEa6CKs0k2nARxTdZduw3zyh8d2NVBnsyvHjSX4TWse388YrrQKbvI8w20fGjGlhgT96WwKykw==}

  unist-util-visit@5.0.0:
    resolution: {integrity: sha512-MR04uvD+07cwl/yhVuVWAtw+3GOR/knlL55Nd/wAdblk27GCVt3lqpTivy/tkJcZoNPzTwS1Y+KMojlLDhoTzg==}

  vfile-message@4.0.2:
    resolution: {integrity: sha512-jRDZ1IMLttGj41KcZvlrYAaI3CfqpLpfpf+Mfig13viT6NKvRzWZ+lXz0Y5D60w6uJIBAOGq9mSHf0gktF0duw==}

  vfile@6.0.3:
    resolution: {integrity: sha512-KzIbH/9tXat2u30jf+smMwFCsno4wHVdNmzFyL+T/L3UGqqk6JKfVqOFOZEpZSHADH1k40ab6NUIXZq422ov3Q==}

  ws@8.18.0:
    resolution: {integrity: sha512-8VbfWfHLbbwu3+N6OKsOMpBdT4kXPDDB9cJk2bJ6mh9ucxdlnNvH1e+roYkKmN9Nxw2yjz7VzeO9oOz2zJ04Pw==}
    engines: {node: '>=10.0.0'}
    peerDependencies:
      bufferutil: ^4.0.1
      utf-8-validate: '>=5.0.2'
    peerDependenciesMeta:
      bufferutil:
        optional: true
      utf-8-validate:
        optional: true

  zwitch@2.0.4:
    resolution: {integrity: sha512-bXE4cR/kVZhKZX/RjPEflHaKVhUVl85noU3v6b8apfQEc1x4A+zBxjZ4lN8LqGd6WZ3dl98pY4o717VFmoPp+A==}

snapshots:

  '@shikijs/core@1.22.0':
    dependencies:
      '@shikijs/engine-javascript': 1.22.0
      '@shikijs/engine-oniguruma': 1.22.0
      '@shikijs/types': 1.22.0
      '@shikijs/vscode-textmate': 9.3.0
      '@types/hast': 3.0.4
      hast-util-to-html: 9.0.3

  '@shikijs/engine-javascript@1.22.0':
    dependencies:
      '@shikijs/types': 1.22.0
      '@shikijs/vscode-textmate': 9.3.0
      oniguruma-to-js: 0.4.3

  '@shikijs/engine-oniguruma@1.22.0':
    dependencies:
      '@shikijs/types': 1.22.0
      '@shikijs/vscode-textmate': 9.3.0

  '@shikijs/types@1.22.0':
    dependencies:
      '@shikijs/vscode-textmate': 9.3.0
      '@types/hast': 3.0.4

  '@shikijs/vscode-textmate@9.3.0': {}

  '@types/hast@3.0.4':
    dependencies:
      '@types/unist': 3.0.3

  '@types/mdast@4.0.4':
    dependencies:
      '@types/unist': 3.0.3

  '@types/node@22.7.7':
    dependencies:
      undici-types: 6.19.8

  '@types/unist@3.0.3': {}

  '@types/ws@8.5.12':
    dependencies:
      '@types/node': 22.7.7

  '@ungap/structured-clone@1.2.0': {}

  ccount@2.0.1: {}

  character-entities-html4@2.1.0: {}

  character-entities-legacy@3.0.0: {}

  chokidar@4.0.1:
    dependencies:
      readdirp: 4.0.2

  comma-separated-tokens@2.0.3: {}

  dequal@2.0.3: {}

  devlop@1.1.0:
    dependencies:
      dequal: 2.0.3

  hast-util-to-html@9.0.3:
    dependencies:
      '@types/hast': 3.0.4
      '@types/unist': 3.0.3
      ccount: 2.0.1
      comma-separated-tokens: 2.0.3
      hast-util-whitespace: 3.0.0
      html-void-elements: 3.0.0
      mdast-util-to-hast: 13.2.0
      property-information: 6.5.0
      space-separated-tokens: 2.0.2
      stringify-entities: 4.0.4
      zwitch: 2.0.4

  hast-util-whitespace@3.0.0:
    dependencies:
      '@types/hast': 3.0.4

  html-void-elements@3.0.0: {}

  jsonc-parser@3.3.1: {}

  mdast-util-to-hast@13.2.0:
    dependencies:
      '@types/hast': 3.0.4
      '@types/mdast': 4.0.4
      '@ungap/structured-clone': 1.2.0
      devlop: 1.1.0
      micromark-util-sanitize-uri: 2.0.0
      trim-lines: 3.0.1
      unist-util-position: 5.0.0
      unist-util-visit: 5.0.0
      vfile: 6.0.3

  micromark-util-character@2.1.0:
    dependencies:
      micromark-util-symbol: 2.0.0
      micromark-util-types: 2.0.0

  micromark-util-encode@2.0.0: {}

  micromark-util-sanitize-uri@2.0.0:
    dependencies:
      micromark-util-character: 2.1.0
      micromark-util-encode: 2.0.0
      micromark-util-symbol: 2.0.0

  micromark-util-symbol@2.0.0: {}

  micromark-util-types@2.0.0: {}

  oniguruma-to-js@0.4.3:
    dependencies:
      regex: 4.3.3

  property-information@6.5.0: {}

  readdirp@4.0.2: {}

  regex@4.3.3: {}

  shiki@1.22.0:
    dependencies:
      '@shikijs/core': 1.22.0
      '@shikijs/engine-javascript': 1.22.0
      '@shikijs/engine-oniguruma': 1.22.0
      '@shikijs/types': 1.22.0
      '@shikijs/vscode-textmate': 9.3.0
      '@types/hast': 3.0.4

  space-separated-tokens@2.0.2: {}

  stringify-entities@4.0.4:
    dependencies:
      character-entities-html4: 2.1.0
      character-entities-legacy: 3.0.0

  trim-lines@3.0.1: {}

  typescript@5.6.3: {}

  undici-types@6.19.8: {}

  unist-util-is@6.0.0:
    dependencies:
      '@types/unist': 3.0.3

  unist-util-position@5.0.0:
    dependencies:
      '@types/unist': 3.0.3

  unist-util-stringify-position@4.0.0:
    dependencies:
      '@types/unist': 3.0.3

  unist-util-visit-parents@6.0.1:
    dependencies:
      '@types/unist': 3.0.3
      unist-util-is: 6.0.0

  unist-util-visit@5.0.0:
    dependencies:
      '@types/unist': 3.0.3
      unist-util-is: 6.0.0
      unist-util-visit-parents: 6.0.1

  vfile-message@4.0.2:
    dependencies:
      '@types/unist': 3.0.3
      unist-util-stringify-position: 4.0.0

  vfile@6.0.3:
    dependencies:
      '@types/unist': 3.0.3
      vfile-message: 4.0.2

  ws@8.18.0: {}

  zwitch@2.0.4: {}
